
Microsoft Visual Studio Solution File, Format Version 12.00
# Visual Studio 2013
VisualStudioVersion = 12.0.31101.0
MinimumVisualStudioVersion = 10.0.40219.1
Project("{FAE04EC0-301F-11D3-BF4B-00C04F79EFBC}") = "随身袋", "随身袋\随身袋.csproj", "{5274D6F5-B75F-4A90-B213-A0122DE7E12E}"
EndProject
Project("{FAE04EC0-301F-11D3-BF4B-00C04F79EFBC}") = "AutoUpdater", "AutoUpdater\AutoUpdater.csproj", "{4CEADF71-8032-47FE-A357-D6F4023261CF}"
EndProject
Project("{FAE04EC0-301F-11D3-BF4B-00C04F79EFBC}") = "WpfCreateUpdateInfo", "WpfCreateUpdateInfo\WpfCreateUpdateInfo.csproj", "{7FA21CAF-CCFA-4635-9901-019A60D91A0A}"
EndProject
Global
	GlobalSection(SolutionConfigurationPlatforms) = preSolution
		Debug|Any CPU = Debug|Any CPU
		Release|Any CPU = Release|Any CPU
	EndGlobalSection
	GlobalSection(ProjectConfigurationPlatforms) = postSolution
		{5274D6F5-B75F-4A90-B213-A0122DE7E12E}.Debug|Any CPU.ActiveCfg = Debug|Any CPU
		{5274D6F5-B75F-4A90-B213-A0122DE7E12E}.Debug|Any CPU.Build.0 = Debug|Any CPU
		{5274D6F5-B75F-4A90-B213-A0122DE7E12E}.Release|Any CPU.ActiveCfg = Release|Any CPU
		{5274D6F5-B75F-4A90-B213-A0122DE7E12E}.Release|Any CPU.Build.0 = Release|Any CPU
		{4CEADF71-8032-47FE-A357-D6F4023261CF}.Debug|Any CPU.ActiveCfg = Debug|Any CPU
		{4CEADF71-8032-47FE-A357-D6F4023261CF}.Debug|Any CPU.Build.0 = Debug|Any CPU
		{4CEADF71-8032-47FE-A357-D6F4023261CF}.Release|Any CPU.ActiveCfg = Release|Any CPU
		{4CEADF71-8032-47FE-A357-D6F4023261CF}.Release|Any CPU.Build.0 = Release|Any CPU
		{7FA21CAF-CCFA-4635-9901-019A60D91A0A}.Debug|Any CPU.ActiveCfg = Debug|Any CPU
		{7FA21CAF-CCFA-4635-9901-019A60D91A0A}.Debug|Any CPU.Build.0 = Debug|Any CPU
		{7FA21CAF-CCFA-4635-9901-019A60D91A0A}.Release|Any CPU.ActiveCfg = Release|Any CPU
		{7FA21CAF-CCFA-4635-9901-019A60D91A0A}.Release|Any CPU.Build.0 = Release|Any CPU
	EndGlobalSection
	GlobalSection(SolutionProperties) = preSolution
		HideSolutionNode = FALSE
	EndGlobalSection
EndGlobal
